github.com/ashvardanian/NumKong v1.5.3-0.20260420003853-48cbd21db85c h1:g2tkK3X0S0VmY45zQBl7mbvi9yhWoqpPvNm1VDRJ+ZU=
github.com/ashvardanian/NumKong v1.5.3-0.20260420003853-48cbd21db85c/go.mod h1:L/omoL1LFCg25bGEa2U3rMbzievEEDzdjs5l+H0dIVg=
github.com/axiomhq/simd-go v0.0.0-20260109224133-a87ae27ede09 h1:EUeZQEHBAROz3OL4eu6QQa3xfbn4vBiMNJlRbZ2ukMk=
github.com/axiomhq/simd-go v0.0.0-20260109224133-a87ae27ede09/go.mod h1:+R+n1WwZSFNWdcizTHorLkOwe2s+1L4VkyAXF4i6ahM=
github.com/chewxy/math32 v1.10.1 h1:LFpeY0SLJXeaiej/eIp2L40VYfscTvKh/FSEZ68uMkU=
github.com/chewxy/math32 v1.10.1/go.mod h1:dOB2rcuFrCn6UHrze36WSLVPKtzPMRAQvBvUwkSsLqs=
github.com/davecgh/go-spew v1.1.1 h1:vj9j/u1bqnvCEfJOwUhtlOARqs3+rkHYY13jYWTU97c=
github.com/davecgh/go-spew v1.1.1/go.mod h1:J7Y8YcW2NihsgmVo/mv3lAwl/skON4iLHjSsI+c5H38=
github.com/google/go-cmp v0.6.0 h1:ofyhxvXcZhMsU5ulbFiLKl/XBFqE1GSq7atu8tAmTRI=
github.com/google/go-cmp v0.6.0/go.mod h1:17dUlkBOakJ0+DkrSSNjCkIjxS6bF9zb3elmeNGIjoY=
github.com/ic-timon/da-hvri v0.6.0 h1:7rtbrTsu5hNJy4q6KTAVd7JB20Ttwb4VSIgumSh3WU4=
github.com/ic-timon/da-hvri v0.6.0/go.mod h1:BGU2TcwaO6r3IoPQwC957fxrm9zrPAzzCziaq7KClig=
github.com/klauspost/cpuid/v2 v2.3.0 h1:S4CRMLnYUhGeDFDqkGriYKdfoFlDnMtqTiI/sFzhA9Y=
github.com/klauspost/cpuid/v2 v2.3.0/go.mod h1:hqwkgyIinND0mEev00jJYCxPNVRVXFQeu1XKlok6oO0=
github.com/pmezard/go-difflib v1.0.0 h1:4DBwDE0NGyQoBHbLQYPwSUPoCMWR5BEzIk/f1lZbAQM=
github.com/pmezard/go-difflib v1.0.0/go.mod h1:iKH77koFhYxTK1pcRnkKkqfTogsbg7gZNVY4sRDYZ/4=
github.com/stretchr/testify v1.11.1 h1:7s2iGBzp5EwR7/aIZr8ao5+dra3wiQyKjjFuvgVKu7U=
github.com/stretchr/testify v1.11.1/go.mod h1:wZwfW3scLgRK+23gO65QZefKpKQRnfz6sD981Nm4B6U=
github.com/tphakala/simd v1.0.22 h1:3wHL91t4yvhCB0ycyTznvucTHax+QGpYkvOhqfraTYw=
github.com/tphakala/simd v1.0.22/go.mod h1:8xsPUbOTnNI4WUdPlXVlWXt85Y8RCm3xqGAo8PLxYyA=
github.com/viterin/partial v1.1.0 h1:iH1l1xqBlapXsYzADS1dcbizg3iQUKTU1rbwkHv/80E=
github.com/viterin/partial v1.1.0/go.mod h1:oKGAo7/wylWkJTLrWX8n+f4aDPtQMQ6VG4dd2qur5QA=
github.com/viterin/vek v0.4.3 h1:cogdlNjd6EJYtNbmTN0lJCey2htrfSo1AHWpc6DVncQ=
github.com/viterin/vek v0.4.3/go.mod h1:A4JRAe8OvbhdzBL5ofzjBS0J29FyUrf95tQogvtHHUc=
golang.org/x/exp v0.0.0-20260218203240-3dfff04db8fa h1:Zt3DZoOFFYkKhDT3v7Lm9FDMEV06GpzjG2jrqW+QTE0=
golang.org/x/exp v0.0.0-20260218203240-3dfff04db8fa/go.mod h1:K79w1Vqn7PoiZn+TkNpx3BUWUQksGO3JcVX6qIjytmA=
golang.org/x/sys v0.42.0 h1:omrd2nAlyT5ESRdCLYdm3+fMfNFE/+Rf4bDIQImRJeo=
golang.org/x/sys v0.42.0/go.mod h1:4GL1E5IUh+htKOUEOaiffhrAeqysfVGipDYzABqnCmw=
gonum.org/v1/gonum v0.16.0 h1:5+ul4Swaf3ESvrOnidPp4GZbzf0mxVQpDCYUQE7OJfk=
gonum.org/v1/gonum v0.16.0/go.mod h1:fef3am4MQ93R2HHpKnLk4/Tbh/s0+wqD5nfa6Pnwy4E=
gopkg.in/yaml.v3 v3.0.1 h1:fxVm/GzAzEWqLHuvctI91KS9hhNmmWOoWu0XTYJS7CA=
gopkg.in/yaml.v3 v3.0.1/go.mod h1:K4uyk7z7BCEPqu6E+C64Yfv1cQ7kz7rIZviUmN+EgEM=
gotest.tools/v3 v3.5.2 h1:7koQfIKdy+I8UTetycgUqXWSDwpgv193Ka+qRsmBY8Q=
gotest.tools/v3 v3.5.2/go.mod h1:LtdLGcnqToBH83WByAAi/wiwSFCArdFIUV/xxN4pcjA=
