github.com/ashvardanian/NumKong v1.5.3-0.20260420003853-48cbd21db85c h1:g2tkK3X0S0VmY45zQBl7mbvi9yhWoqpPvNm1VDRJ+ZU=
github.com/ashvardanian/NumKong v1.5.3-0.20260420003853-48cbd21db85c/go.mod h1:L/omoL1LFCg25bGEa2U3rMbzievEEDzdjs5l+H0dIVg=
github.com/axiomhq/simd-go v0.0.0-20260109224133-a87ae27ede09 h1:EUeZQEHBAROz3OL4eu6QQa3xfbn4vBiMNJlRbZ2ukMk=
github.com/axiomhq/simd-go v0.0.0-20260109224133-a87ae27ede09/go.mod h1:+R+n1WwZSFNWdcizTHorLkOwe2s+1L4VkyAXF4i6ahM=
github.com/buger/jsonparser v1.1.2 h1:frqHqw7otoVbk5M8LlE/L7HTnIq2v9RX6EJ48i9AxJk=
github.com/buger/jsonparser v1.1.2/go.mod h1:6RYKKt7H4d4+iWqouImQ9R2FZql3VbhNgx27UK13J/0=
github.com/cespare/xxhash/v2 v2.3.0 h1:UL815xU9SqsFlibzuggzjXhog7bL6oX9BbNZnL2UFvs=
github.com/cespare/xxhash/v2 v2.3.0/go.mod h1:VGX0DQ3Q6kWi7AoAeZDth3/j3BFtOZR5XLFGgcrjCOs=
github.com/dgryski/go-farm v0.0.0-20240924180020-3414d57e47da h1:aIftn67I1fkbMa512G+w+Pxci9hJPB8oMnkcP3iZF38=
github.com/dgryski/go-farm v0.0.0-20240924180020-3414d57e47da/go.mod h1:SqUrOPUnsFjfmXRMNPybcSiG0BgUW2AuFH8PAnS2iTw=
github.com/golang/snappy v0.0.4 h1:yAGX7huGHXlcLOEtBnF4w7FQwA26wojNCwOYAEhLjQM=
github.com/golang/snappy v0.0.4/go.mod h1:/XxbfmMg8lxefKM7IXC3fBNl/7bRcc72aCRzEWrmP2Q=
github.com/klauspost/cpuid/v2 v2.2.10 h1:tBs3QSyvjDyFTq3uoc/9xFpCuOsJQFNPiAhYdw2skhE=
github.com/klauspost/cpuid/v2 v2.2.10/go.mod h1:hqwkgyIinND0mEev00jJYCxPNVRVXFQeu1XKlok6oO0=
github.com/klauspost/crc32 v1.3.0 h1:sSmTt3gUt81RP655XGZPElI0PelVTZ6YwCRnPSupoFM=
github.com/klauspost/crc32 v1.3.0/go.mod h1:D7kQaZhnkX/Y0tstFGf8VUzv2UofNGqCjnC3zdHB0Hw=
github.com/pierrec/lz4/v4 v4.1.22 h1:cKFw6uJDK+/gfw5BcDL0JL5aBsAFdsIT18eRtLj7VIU=
github.com/pierrec/lz4/v4 v4.1.22/go.mod h1:gZWDp/Ze/IJXGXf23ltt2EXimqmTUXEy0GFuRQyBid4=
github.com/snissn/compress v1.18.2-snissn.0.0.20260506201017-87fb149e4721 h1:2XYKYq/WV3oldGbGi3b7M7VQoh38DIKSO0lNteuazJ0=
github.com/snissn/compress v1.18.2-snissn.0.0.20260506201017-87fb149e4721/go.mod h1:p4xiZN07JMUF5xuybNGkG+pozT12MAblxCx36z+PIYM=
github.com/snissn/go-crc32-asm v0.0.0-20260522204125-08945951423a h1:uqSq50AAT36ZzDiRApq8GNsbeJASPaneZ6aKfw3KShc=
github.com/snissn/go-crc32-asm v0.0.0-20260522204125-08945951423a/go.mod h1:PDwKLbWpRDAN2IPbK9PxIgSx0YdwQaSOLWObRawQJ58=
github.com/tidwall/btree v1.8.1 h1:27ehoXvm5AG/g+1VxLS1SD3vRhp/H7LuEfwNvddEdmA=
github.com/tidwall/btree v1.8.1/go.mod h1:jBbTdUWhSZClZWoDg54VnvV7/54modSOzDN7VXftj1A=
github.com/tidwall/gjson v1.14.3 h1:9jvXn7olKEHU1S9vwoMGliaT8jq1vJ7IH/n9zD9Dnlw=
github.com/tidwall/gjson v1.14.3/go.mod h1:/wbyibRr2FHMks5tjHJ5F8dMZh3AcwJEMf5vlfC0lxk=
github.com/tidwall/match v1.1.1 h1:+Ho715JplO36QYgwN9PGYNhgZvoUSc9X2c80KVTi+GA=
github.com/tidwall/match v1.1.1/go.mod h1:eRSPERbgtNPcGhD8UCthc6PmLEQXEWd3PRB5JTxsfmM=
github.com/tidwall/pretty v1.2.0 h1:RWIZEg2iJ8/g6fDDYzMpobmaoGh5OLl4AXtGUGPcqCs=
github.com/tidwall/pretty v1.2.0/go.mod h1:ITEVvHYasfjBbM0u2Pg8T2nJnzm8xPwvNhhsoaGGjNU=
github.com/tphakala/simd v1.0.22 h1:3wHL91t4yvhCB0ycyTznvucTHax+QGpYkvOhqfraTYw=
github.com/tphakala/simd v1.0.22/go.mod h1:8xsPUbOTnNI4WUdPlXVlWXt85Y8RCm3xqGAo8PLxYyA=
github.com/zeebo/assert v1.3.0 h1:g7C04CbJuIDKNPFHmsk4hwZDO5O+kntRxzaUoNXj+IQ=
github.com/zeebo/assert v1.3.0/go.mod h1:Pq9JiuJQpG8JLJdtkwrJESF0Foym2/D9XMU5ciN/wJ0=
github.com/zeebo/xxh3 v1.1.0 h1:s7DLGDK45Dyfg7++yxI0khrfwq9661w9EN78eP/UZVs=
github.com/zeebo/xxh3 v1.1.0/go.mod h1:IisAie1LELR4xhVinxWS5+zf1lA4p0MW4T+w+W07F5s=
go.mongodb.org/mongo-driver/v2 v2.6.0 h1:b9sJOYrkmt4l8bY43ZenFBcPlhYIjaOfYHLtbB/5qi8=
go.mongodb.org/mongo-driver/v2 v2.6.0/go.mod h1:yOI9kBsufol30iFsl1slpdq1I0eHPzybRWdyYUs8K/0=
golang.org/x/sys v0.41.0 h1:Ivj+2Cp/ylzLiEU89QhWblYnOE9zerudt9Ftecq2C6k=
golang.org/x/sys v0.41.0/go.mod h1:OgkHotnGiDImocRcuBABYBEXf8A9a87e/uXjp9XT3ks=
